
Microsoft Visual Studio Solution File, Format Version 12.00
# Visual Studio Version 17
VisualStudioVersion = 17.7.34031.279
MinimumVisualStudioVersion = 10.0.40219.1
Project("{FAE04EC0-301F-11D3-BF4B-00C04F79EFBC}") = "laba1", "laba1\laba1.csproj", "{D38FEB07-C593-44BE-BE62-7854F0C0A80A}"
EndProject
Global
	GlobalSection(SolutionConfigurationPlatforms) = preSolution
		Debug|Any CPU = Debug|Any CPU
		Release|Any CPU = Release|Any CPU
	EndGlobalSection
	GlobalSection(ProjectConfigurationPlatforms) = postSolution
		{D38FEB07-C593-44BE-BE62-7854F0C0A80A}.Debug|Any CPU.ActiveCfg = Debug|Any CPU
		{D38FEB07-C593-44BE-BE62-7854F0C0A80A}.Debug|Any CPU.Build.0 = Debug|Any CPU
		{D38FEB07-C593-44BE-BE62-7854F0C0A80A}.Release|Any CPU.ActiveCfg = Release|Any CPU
		{D38FEB07-C593-44BE-BE62-7854F0C0A80A}.Release|Any CPU.Build.0 = Release|Any CPU
	EndGlobalSection
	GlobalSection(SolutionProperties) = preSolution
		HideSolutionNode = FALSE
	EndGlobalSection
	GlobalSection(ExtensibilityGlobals) = postSolution
		SolutionGuid = {3E938F7E-9AA4-4EC1-A635-CB93C80632DC}
	EndGlobalSection
EndGlobal
